
Microsoft Visual Studio Solution File, Format Version 12.00
# Visual Studio Version 16
VisualStudioVersion = 16.0.30711.63
MinimumVisualStudioVersion = 10.0.40219.1
Project("{FAE04EC0-301F-11D3-BF4B-00C04F79EFBC}") = "Chatting_TCP_Server", "Chatting_TCP_Server\Chatting_TCP_Server.csproj", "{E7F5AEED-D2FB-4EF2-9FC5-CD1898EE2677}"
EndProject
Project("{FAE04EC0-301F-11D3-BF4B-00C04F79EFBC}") = "Chatting_TCP_Client", "Chatting_TCP_Client\Chatting_TCP_Client.csproj", "{BB662B9E-4BF1-4B06-80FC-7C4F54A07B9D}"
EndProject
Project("{FAE04EC0-301F-11D3-BF4B-00C04F79EFBC}") = "EmailApplication", "EmailApplication\EmailApplication.csproj", "{6D3A40F5-284A-4A7A-9E6E-A3E85A29EE1A}"
EndProject
Global
	GlobalSection(SolutionConfigurationPlatforms) = preSolution
		Debug|Any CPU = Debug|Any CPU
		Release|Any CPU = Release|Any CPU
	EndGlobalSection
	GlobalSection(ProjectConfigurationPlatforms) = postSolution
		{E7F5AEED-D2FB-4EF2-9FC5-CD1898EE2677}.Debug|Any CPU.ActiveCfg = Debug|Any CPU
		{E7F5AEED-D2FB-4EF2-9FC5-CD1898EE2677}.Debug|Any CPU.Build.0 = Debug|Any CPU
		{E7F5AEED-D2FB-4EF2-9FC5-CD1898EE2677}.Release|Any CPU.ActiveCfg = Release|Any CPU
		{E7F5AEED-D2FB-4EF2-9FC5-CD1898EE2677}.Release|Any CPU.Build.0 = Release|Any CPU
		{BB662B9E-4BF1-4B06-80FC-7C4F54A07B9D}.Debug|Any CPU.ActiveCfg = Debug|Any CPU
		{BB662B9E-4BF1-4B06-80FC-7C4F54A07B9D}.Debug|Any CPU.Build.0 = Debug|Any CPU
		{BB662B9E-4BF1-4B06-80FC-7C4F54A07B9D}.Release|Any CPU.ActiveCfg = Release|Any CPU
		{BB662B9E-4BF1-4B06-80FC-7C4F54A07B9D}.Release|Any CPU.Build.0 = Release|Any CPU
		{6D3A40F5-284A-4A7A-9E6E-A3E85A29EE1A}.Debug|Any CPU.ActiveCfg = Debug|Any CPU
		{6D3A40F5-284A-4A7A-9E6E-A3E85A29EE1A}.Debug|Any CPU.Build.0 = Debug|Any CPU
		{6D3A40F5-284A-4A7A-9E6E-A3E85A29EE1A}.Release|Any CPU.ActiveCfg = Release|Any CPU
		{6D3A40F5-284A-4A7A-9E6E-A3E85A29EE1A}.Release|Any CPU.Build.0 = Release|Any CPU
	EndGlobalSection
	GlobalSection(SolutionProperties) = preSolution
		HideSolutionNode = FALSE
	EndGlobalSection
	GlobalSection(ExtensibilityGlobals) = postSolution
		SolutionGuid = {A5B14D9B-D14D-4AF8-91BA-B4D12CB3C801}
	EndGlobalSection
EndGlobal
